
Microsoft Visual Studio Solution File, Format Version 12.00
# Visual Studio Version 17
VisualStudioVersion = 17.7.34009.444
MinimumVisualStudioVersion = 10.0.40219.1
Project("{FAE04EC0-301F-11D3-BF4B-00C04F79EFBC}") = "Product Manager", "Product Manager.csproj", "{FA6CE514-0A1D-43B4-83BC-A0DD44933622}"
EndProject
Global
	GlobalSection(SolutionConfigurationPlatforms) = preSolution
		Debug|Any CPU = Debug|Any CPU
		Release|Any CPU = Release|Any CPU
	EndGlobalSection
	GlobalSection(ProjectConfigurationPlatforms) = postSolution
		{FA6CE514-0A1D-43B4-83BC-A0DD44933622}.Debug|Any CPU.ActiveCfg = Debug|Any CPU
		{FA6CE514-0A1D-43B4-83BC-A0DD44933622}.Debug|Any CPU.Build.0 = Debug|Any CPU
		{FA6CE514-0A1D-43B4-83BC-A0DD44933622}.Release|Any CPU.ActiveCfg = Release|Any CPU
		{FA6CE514-0A1D-43B4-83BC-A0DD44933622}.Release|Any CPU.Build.0 = Release|Any CPU
	EndGlobalSection
	GlobalSection(SolutionProperties) = preSolution
		HideSolutionNode = FALSE
	EndGlobalSection
	GlobalSection(ExtensibilityGlobals) = postSolution
		SolutionGuid = {15EB219C-3781-47FD-B2C8-53620BEEA342}
	EndGlobalSection
EndGlobal
